// !$*UTF8*$!
{
	archiveVersion = 1;
	classes = {
	};
	objectVersion = 56;
	objects = {

/* Begin PBXBuildFile section */
		9D23DE642B1365D1009D4186 /* MarkView.swift in Sources */ = {isa = PBXBuildFile; fileRef = 9D23DE632B1365D1009D4186 /* MarkView.swift */; };
		9D23DE672B1370E3009D4186 /* Functions.swift in Sources */ = {isa = PBXBuildFile; fileRef = 9D23DE662B1370E3009D4186 /* Functions.swift */; };
		9D23DE692B139A16009D4186 /* TrackDayView.swift in Sources */ = {isa = PBXBuildFile; fileRef = 9D23DE682B139A16009D4186 /* TrackDayView.swift */; };
		9D23DE6C2B139B06009D4186 /* TrackHeaderView.swift in Sources */ = {isa = PBXBuildFile; fileRef = 9D23DE6B2B139B06009D4186 /* TrackHeaderView.swift */; };
		9D66CC6A2B12C3E0008CCAED /* Color.swift in Sources */ = {isa = PBXBuildFile; fileRef = 9D66CC692B12C3E0008CCAED /* Color.swift */; };
		9D721C742B121D6D0021C3C7 /* HabitsViewModel.swift in Sources */ = {isa = PBXBuildFile; fileRef = 9D721C732B121D6D0021C3C7 /* HabitsViewModel.swift */; };
		9D721C7D2B12789A0021C3C7 /* LoginView.swift in Sources */ = {isa = PBXBuildFile; fileRef = 9D721C7C2B12789A0021C3C7 /* LoginView.swift */; };
		9D721C802B128B5F0021C3C7 /* EmojiPickerView.swift in Sources */ = {isa = PBXBuildFile; fileRef = 9D721C7F2B128B5F0021C3C7 /* EmojiPickerView.swift */; };
		9DBD0BD22B17A20F0086F650 /* Localizable.xcstrings in Resources */ = {isa = PBXBuildFile; fileRef = 9DBD0BD12B17A20F0086F650 /* Localizable.xcstrings */; };
		9DBD0BD52B17AE280086F650 /* CalendarView2.swift in Sources */ = {isa = PBXBuildFile; fileRef = 9DBD0BD42B17AE280086F650 /* CalendarView2.swift */; };
		9DEAD6862B13CBFE005E1DFE /* SettingsViewModel.swift in Sources */ = {isa = PBXBuildFile; fileRef = 9DEAD6852B13CBFE005E1DFE /* SettingsViewModel.swift */; };
		9DEAD6882B13CC1B005E1DFE /* SettingsView.swift in Sources */ = {isa = PBXBuildFile; fileRef = 9DEAD6872B13CC1B005E1DFE /* SettingsView.swift */; };
		9DEAD69A2B13E150005E1DFE /* EditView.swift in Sources */ = {isa = PBXBuildFile; fileRef = 9DEAD6992B13E14F005E1DFE /* EditView.swift */; };
		9DEAD69D2B1402CE005E1DFE /* PayWall.swift in Sources */ = {isa = PBXBuildFile; fileRef = 9DEAD69C2B1402CE005E1DFE /* PayWall.swift */; };
		9DEAD6A02B1406B8005E1DFE /* StoreKit.swift in Sources */ = {isa = PBXBuildFile; fileRef = 9DEAD69F2B1406B8005E1DFE /* StoreKit.swift */; };
		DFF4B82A2B0BCCA2005E8F61 /* SquareHabitsTrackerApp.swift in Sources */ = {isa = PBXBuildFile; fileRef = DFF4B8292B0BCCA2005E8F61 /* SquareHabitsTrackerApp.swift */; };
		DFF4B82C2B0BCCA2005E8F61 /* TrackerView.swift in Sources */ = {isa = PBXBuildFile; fileRef = DFF4B82B2B0BCCA2005E8F61 /* TrackerView.swift */; };
		DFF4B82E2B0BCCA5005E8F61 /* Assets.xcassets in Resources */ = {isa = PBXBuildFile; fileRef = DFF4B82D2B0BCCA5005E8F61 /* Assets.xcassets */; };
		DFF4B8322B0BCCA5005E8F61 /* Preview Assets.xcassets in Resources */ = {isa = PBXBuildFile; fileRef = DFF4B8312B0BCCA5005E8F61 /* Preview Assets.xcassets */; };
		DFF4B83A2B0BCD17005E8F61 /* Mark.swift in Sources */ = {isa = PBXBuildFile; fileRef = DFF4B8392B0BCD17005E8F61 /* Mark.swift */; };
		DFFA725A2B0BF95100B286CB /* TrackersList.swift in Sources */ = {isa = PBXBuildFile; fileRef = DFFA72592B0BF95100B286CB /* TrackersList.swift */; };
		DFFA725F2B0C1A3600B286CB /* NewTrackerView.swift in Sources */ = {isa = PBXBuildFile; fileRef = DFFA725E2B0C1A3600B286CB /* NewTrackerView.swift */; };
/* End PBXBuildFile section */

/* Begin PBXFileReference section */
		9D23DE632B1365D1009D4186 /* MarkView.swift */ = {isa = PBXFileReference; lastKnownFileType = sourcecode.swift; path = MarkView.swift; sourceTree = "<group>"; };
		9D23DE662B1370E3009D4186 /* Functions.swift */ = {isa = PBXFileReference; lastKnownFileType = sourcecode.swift; path = Functions.swift; sourceTree = "<group>"; };
		9D23DE682B139A16009D4186 /* TrackDayView.swift */ = {isa = PBXFileReference; lastKnownFileType = sourcecode.swift; path = TrackDayView.swift; sourceTree = "<group>"; };
		9D23DE6B2B139B06009D4186 /* TrackHeaderView.swift */ = {isa = PBXFileReference; lastKnownFileType = sourcecode.swift; path = TrackHeaderView.swift; sourceTree = "<group>"; };
		9D66CC692B12C3E0008CCAED /* Color.swift */ = {isa = PBXFileReference; lastKnownFileType = sourcecode.swift; path = Color.swift; sourceTree = "<group>"; };
		9D721C732B121D6D0021C3C7 /* HabitsViewModel.swift */ = {isa = PBXFileReference; lastKnownFileType = sourcecode.swift; path = HabitsViewModel.swift; sourceTree = "<group>"; };
		9D721C7C2B12789A0021C3C7 /* LoginView.swift */ = {isa = PBXFileReference; lastKnownFileType = sourcecode.swift; path = LoginView.swift; sourceTree = "<group>"; };
		9D721C7F2B128B5F0021C3C7 /* EmojiPickerView.swift */ = {isa = PBXFileReference; lastKnownFileType = sourcecode.swift; path = EmojiPickerView.swift; sourceTree = "<group>"; };
		9DBD0BD12B17A20F0086F650 /* Localizable.xcstrings */ = {isa = PBXFileReference; lastKnownFileType = text.json.xcstrings; path = Localizable.xcstrings; sourceTree = "<group>"; };
		9DBD0BD42B17AE280086F650 /* CalendarView2.swift */ = {isa = PBXFileReference; lastKnownFileType = sourcecode.swift; path = CalendarView2.swift; sourceTree = "<group>"; };
		9DEAD6852B13CBFE005E1DFE /* SettingsViewModel.swift */ = {isa = PBXFileReference; lastKnownFileType = sourcecode.swift; path = SettingsViewModel.swift; sourceTree = "<group>"; };
		9DEAD6872B13CC1B005E1DFE /* SettingsView.swift */ = {isa = PBXFileReference; lastKnownFileType = sourcecode.swift; path = SettingsView.swift; sourceTree = "<group>"; };
		9DEAD6992B13E14F005E1DFE /* EditView.swift */ = {isa = PBXFileReference; lastKnownFileType = sourcecode.swift; path = EditView.swift; sourceTree = "<group>"; };
		9DEAD69C2B1402CE005E1DFE /* PayWall.swift */ = {isa = PBXFileReference; lastKnownFileType = sourcecode.swift; path = PayWall.swift; sourceTree = "<group>"; };
		9DEAD69F2B1406B8005E1DFE /* StoreKit.swift */ = {isa = PBXFileReference; lastKnownFileType = sourcecode.swift; path = StoreKit.swift; sourceTree = "<group>"; };
		9DEAD6A22B1418F4005E1DFE /* Square Habits.storekit */ = {isa = PBXFileReference; lastKnownFileType = text; path = "Square Habits.storekit"; sourceTree = "<group>"; };
		DF0811262B0CCEBE00791A4D /* Info.plist */ = {isa = PBXFileReference; lastKnownFileType = text.plist; path = Info.plist; sourceTree = "<group>"; };
		DFF4B8262B0BCCA2005E8F61 /* SquareHabitsTracker.app */ = {isa = PBXFileReference; explicitFileType = wrapper.application; includeInIndex = 0; path = SquareHabitsTracker.app; sourceTree = BUILT_PRODUCTS_DIR; };
		DFF4B8292B0BCCA2005E8F61 /* SquareHabitsTrackerApp.swift */ = {isa = PBXFileReference; lastKnownFileType = sourcecode.swift; path = SquareHabitsTrackerApp.swift; sourceTree = "<group>"; };
		DFF4B82B2B0BCCA2005E8F61 /* TrackerView.swift */ = {isa = PBXFileReference; lastKnownFileType = sourcecode.swift; path = TrackerView.swift; sourceTree = "<group>"; };
		DFF4B82D2B0BCCA5005E8F61 /* Assets.xcassets */ = {isa = PBXFileReference; lastKnownFileType = folder.assetcatalog; path = Assets.xcassets; sourceTree = "<group>"; };
		DFF4B82F2B0BCCA5005E8F61 /* SquareHabitsTracker.entitlements */ = {isa = PBXFileReference; lastKnownFileType = text.plist.entitlements; path = SquareHabitsTracker.entitlements; sourceTree = "<group>"; };
		DFF4B8312B0BCCA5005E8F61 /* Preview Assets.xcassets */ = {isa = PBXFileReference; lastKnownFileType = folder.assetcatalog; path = "Preview Assets.xcassets"; sourceTree = "<group>"; };
		DFF4B8392B0BCD17005E8F61 /* Mark.swift */ = {isa = PBXFileReference; lastKnownFileType = sourcecode.swift; path = Mark.swift; sourceTree = "<group>"; };
		DFFA72592B0BF95100B286CB /* TrackersList.swift */ = {isa = PBXFileReference; lastKnownFileType = sourcecode.swift; path = TrackersList.swift; sourceTree = "<group>"; };
		DFFA725E2B0C1A3600B286CB /* NewTrackerView.swift */ = {isa = PBXFileReference; lastKnownFileType = sourcecode.swift; path = NewTrackerView.swift; sourceTree = "<group>"; };
/* End PBXFileReference section */

/* Begin PBXFrameworksBuildPhase section */
		DFF4B8232B0BCCA2005E8F61 /* Frameworks */ = {
			isa = PBXFrameworksBuildPhase;
			buildActionMask = 2147483647;
			files = (
			);
			runOnlyForDeploymentPostprocessing = 0;
		};
/* End PBXFrameworksBuildPhase section */

/* Begin PBXGroup section */
		9D23DE652B1370DC009D4186 /* Utils */ = {
			isa = PBXGroup;
			children = (
				9D23DE662B1370E3009D4186 /* Functions.swift */,
			);
			path = Utils;
			sourceTree = "<group>";
		};
		9D66CC682B12C3DA008CCAED /* Extension */ = {
			isa = PBXGroup;
			children = (
				9D66CC692B12C3E0008CCAED /* Color.swift */,
			);
			path = Extension;
			sourceTree = "<group>";
		};
		9D721C722B121D600021C3C7 /* HabitsViewModel */ = {
			isa = PBXGroup;
			children = (
				9D721C732B121D6D0021C3C7 /* HabitsViewModel.swift */,
			);
			path = HabitsViewModel;
			sourceTree = "<group>";
		};
		9D721C7B2B1278920021C3C7 /* Login */ = {
			isa = PBXGroup;
			children = (
				9D721C7C2B12789A0021C3C7 /* LoginView.swift */,
			);
			path = Login;
			sourceTree = "<group>";
		};
		9DEAD6842B13CBF6005E1DFE /* Setting */ = {
			isa = PBXGroup;
			children = (
				9DEAD69B2B1402C3005E1DFE /* PayWall */,
				9DEAD6852B13CBFE005E1DFE /* SettingsViewModel.swift */,
				9DEAD6872B13CC1B005E1DFE /* SettingsView.swift */,
			);
			path = Setting;
			sourceTree = "<group>";
		};
		9DEAD6982B13E140005E1DFE /* EditHabitView */ = {
			isa = PBXGroup;
			children = (
				9DEAD6992B13E14F005E1DFE /* EditView.swift */,
				9DBD0BD42B17AE280086F650 /* CalendarView2.swift */,
			);
			path = EditHabitView;
			sourceTree = "<group>";
		};
		9DEAD69B2B1402C3005E1DFE /* PayWall */ = {
			isa = PBXGroup;
			children = (
				9DEAD69C2B1402CE005E1DFE /* PayWall.swift */,
			);
			path = PayWall;
			sourceTree = "<group>";
		};
		9DEAD69E2B1406AC005E1DFE /* Service */ = {
			isa = PBXGroup;
			children = (
				9DEAD69F2B1406B8005E1DFE /* StoreKit.swift */,
			);
			path = Service;
			sourceTree = "<group>";
		};
		DF0811272B0CCF1F00791A4D /* Model */ = {
			isa = PBXGroup;
			children = (
				DFF4B8392B0BCD17005E8F61 /* Mark.swift */,
			);
			path = Model;
			sourceTree = "<group>";
		};
		DFF4B81D2B0BCCA2005E8F61 = {
			isa = PBXGroup;
			children = (
				9DEAD6A22B1418F4005E1DFE /* Square Habits.storekit */,
				DFF4B8282B0BCCA2005E8F61 /* SquareHabitsTracker */,
				DFF4B8272B0BCCA2005E8F61 /* Products */,
			);
			sourceTree = "<group>";
		};
		DFF4B8272B0BCCA2005E8F61 /* Products */ = {
			isa = PBXGroup;
			children = (
				DFF4B8262B0BCCA2005E8F61 /* SquareHabitsTracker.app */,
			);
			name = Products;
			sourceTree = "<group>";
		};
		DFF4B8282B0BCCA2005E8F61 /* SquareHabitsTracker */ = {
			isa = PBXGroup;
			children = (
				DF0811262B0CCEBE00791A4D /* Info.plist */,
				DFF4B8382B0BCD0C005E8F61 /* App */,
				DFF4B8292B0BCCA2005E8F61 /* SquareHabitsTrackerApp.swift */,
				DFF4B82D2B0BCCA5005E8F61 /* Assets.xcassets */,
				DFF4B82F2B0BCCA5005E8F61 /* SquareHabitsTracker.entitlements */,
				DFF4B8302B0BCCA5005E8F61 /* Preview Content */,
				9DBD0BD12B17A20F0086F650 /* Localizable.xcstrings */,
			);
			path = SquareHabitsTracker;
			sourceTree = "<group>";
		};
		DFF4B8302B0BCCA5005E8F61 /* Preview Content */ = {
			isa = PBXGroup;
			children = (
				DFF4B8312B0BCCA5005E8F61 /* Preview Assets.xcassets */,
			);
			path = "Preview Content";
			sourceTree = "<group>";
		};
		DFF4B8382B0BCD0C005E8F61 /* App */ = {
			isa = PBXGroup;
			children = (
				9DEAD69E2B1406AC005E1DFE /* Service */,
				9D23DE652B1370DC009D4186 /* Utils */,
				9D66CC682B12C3DA008CCAED /* Extension */,
				DF0811272B0CCF1F00791A4D /* Model */,
				DFFA725C2B0C1A1A00B286CB /* Components */,
				DFFA725B2B0C1A1000B286CB /* Features */,
			);
			path = App;
			sourceTree = "<group>";
		};
		DFFA72582B0BF94500B286CB /* TrackersList */ = {
			isa = PBXGroup;
			children = (
				DFFA72592B0BF95100B286CB /* TrackersList.swift */,
			);
			path = TrackersList;
			sourceTree = "<group>";
		};
		DFFA725B2B0C1A1000B286CB /* Features */ = {
			isa = PBXGroup;
			children = (
				9DEAD6842B13CBF6005E1DFE /* Setting */,
				9D721C7B2B1278920021C3C7 /* Login */,
				9D721C722B121D600021C3C7 /* HabitsViewModel */,
				9DEAD6982B13E140005E1DFE /* EditHabitView */,
				DFFA725D2B0C1A2700B286CB /* CreateNewTracker */,
				DFFA72582B0BF94500B286CB /* TrackersList */,
				9D23DE632B1365D1009D4186 /* MarkView.swift */,
			);
			path = Features;
			sourceTree = "<group>";
		};
		DFFA725C2B0C1A1A00B286CB /* Components */ = {
			isa = PBXGroup;
			children = (
				DFF4B82B2B0BCCA2005E8F61 /* TrackerView.swift */,
				9D23DE682B139A16009D4186 /* TrackDayView.swift */,
				9D23DE6B2B139B06009D4186 /* TrackHeaderView.swift */,
			);
			path = Components;
			sourceTree = "<group>";
		};
		DFFA725D2B0C1A2700B286CB /* CreateNewTracker */ = {
			isa = PBXGroup;
			children = (
				DFFA725E2B0C1A3600B286CB /* NewTrackerView.swift */,
				9D721C7F2B128B5F0021C3C7 /* EmojiPickerView.swift */,
			);
			path = CreateNewTracker;
			sourceTree = "<group>";
		};
/* End PBXGroup section */

/* Begin PBXNativeTarget section */
		DFF4B8252B0BCCA2005E8F61 /* SquareHabitsTracker */ = {
			isa = PBXNativeTarget;
			buildConfigurationList = DFF4B8352B0BCCA5005E8F61 /* Build configuration list for PBXNativeTarget "SquareHabitsTracker" */;
			buildPhases = (
				DFF4B8222B0BCCA2005E8F61 /* Sources */,
				DFF4B8232B0BCCA2005E8F61 /* Frameworks */,
				DFF4B8242B0BCCA2005E8F61 /* Resources */,
			);
			buildRules = (
			);
			dependencies = (
			);
			name = SquareHabitsTracker;
			productName = SquareHabitsTracker;
			productReference = DFF4B8262B0BCCA2005E8F61 /* SquareHabitsTracker.app */;
			productType = "com.apple.product-type.application";
		};
/* End PBXNativeTarget section */

/* Begin PBXProject section */
		DFF4B81E2B0BCCA2005E8F61 /* Project object */ = {
			isa = PBXProject;
			attributes = {
				BuildIndependentTargetsInParallel = 1;
				LastSwiftUpdateCheck = 1500;
				LastUpgradeCheck = 1500;
				TargetAttributes = {
					DFF4B8252B0BCCA2005E8F61 = {
						CreatedOnToolsVersion = 15.0;
					};
				};
			};
			buildConfigurationList = DFF4B8212B0BCCA2005E8F61 /* Build configuration list for PBXProject "SquareHabitsTracker" */;
			compatibilityVersion = "Xcode 14.0";
			developmentRegion = en;
			hasScannedForEncodings = 0;
			knownRegions = (
				Base,
				en,
			);
			mainGroup = DFF4B81D2B0BCCA2005E8F61;
			productRefGroup = DFF4B8272B0BCCA2005E8F61 /* Products */;
			projectDirPath = "";
			projectRoot = "";
			targets = (
				DFF4B8252B0BCCA2005E8F61 /* SquareHabitsTracker */,
			);
		};
/* End PBXProject section */

/* Begin PBXResourcesBuildPhase section */
		DFF4B8242B0BCCA2005E8F61 /* Resources */ = {
			isa = PBXResourcesBuildPhase;
			buildActionMask = 2147483647;
			files = (
				DFF4B8322B0BCCA5005E8F61 /* Preview Assets.xcassets in Resources */,
				DFF4B82E2B0BCCA5005E8F61 /* Assets.xcassets in Resources */,
				9DBD0BD22B17A20F0086F650 /* Localizable.xcstrings in Resources */,
			);
			runOnlyForDeploymentPostprocessing = 0;
		};
/* End PBXResourcesBuildPhase section */

/* Begin PBXSourcesBuildPhase section */
		DFF4B8222B0BCCA2005E8F61 /* Sources */ = {
			isa = PBXSourcesBuildPhase;
			buildActionMask = 2147483647;
			files = (
				9DEAD6A02B1406B8005E1DFE /* StoreKit.swift in Sources */,
				9DBD0BD52B17AE280086F650 /* CalendarView2.swift in Sources */,
				9DEAD6882B13CC1B005E1DFE /* SettingsView.swift in Sources */,
				DFFA725A2B0BF95100B286CB /* TrackersList.swift in Sources */,
				DFF4B82C2B0BCCA2005E8F61 /* TrackerView.swift in Sources */,
				9DEAD69D2B1402CE005E1DFE /* PayWall.swift in Sources */,
				9D66CC6A2B12C3E0008CCAED /* Color.swift in Sources */,
				9D23DE6C2B139B06009D4186 /* TrackHeaderView.swift in Sources */,
				DFFA725F2B0C1A3600B286CB /* NewTrackerView.swift in Sources */,
				9D23DE672B1370E3009D4186 /* Functions.swift in Sources */,
				9D721C742B121D6D0021C3C7 /* HabitsViewModel.swift in Sources */,
				DFF4B82A2B0BCCA2005E8F61 /* SquareHabitsTrackerApp.swift in Sources */,
				9D23DE692B139A16009D4186 /* TrackDayView.swift in Sources */,
				9DEAD69A2B13E150005E1DFE /* EditView.swift in Sources */,
				9D721C802B128B5F0021C3C7 /* EmojiPickerView.swift in Sources */,
				9D23DE642B1365D1009D4186 /* MarkView.swift in Sources */,
				9D721C7D2B12789A0021C3C7 /* LoginView.swift in Sources */,
				DFF4B83A2B0BCD17005E8F61 /* Mark.swift in Sources */,
				9DEAD6862B13CBFE005E1DFE /* SettingsViewModel.swift in Sources */,
			);
			runOnlyForDeploymentPostprocessing = 0;
		};
/* End PBXSourcesBuildPhase section */

/* Begin XCBuildConfiguration section */
		DFF4B8332B0BCCA5005E8F61 /* Debug */ = {
			isa = XCBuildConfiguration;
			buildSettings = {
				ALWAYS_SEARCH_USER_PATHS = NO;
				ASSETCATALOG_COMPILER_GENERATE_SWIFT_ASSET_SYMBOL_EXTENSIONS = YES;
				CLANG_ANALYZER_NONNULL = YES;
				CLANG_ANALYZER_NUMBER_OBJECT_CONVERSION = YES_AGGRESSIVE;
				CLANG_CXX_LANGUAGE_STANDARD = "gnu++20";
				CLANG_ENABLE_MODULES = YES;
				CLANG_ENABLE_OBJC_ARC = YES;
				CLANG_ENABLE_OBJC_WEAK = YES;
				CLANG_WARN_BLOCK_CAPTURE_AUTORELEASING = YES;
				CLANG_WARN_BOOL_CONVERSION = YES;
				CLANG_WARN_COMMA = YES;
				CLANG_WARN_CONSTANT_CONVERSION = YES;
				CLANG_WARN_DEPRECATED_OBJC_IMPLEMENTATIONS = YES;
				CLANG_WARN_DIRECT_OBJC_ISA_USAGE = YES_ERROR;
				CLANG_WARN_DOCUMENTATION_COMMENTS = YES;
				CLANG_WARN_EMPTY_BODY = YES;
				CLANG_WARN_ENUM_CONVERSION = YES;
				CLANG_WARN_INFINITE_RECURSION = YES;
				CLANG_WARN_INT_CONVERSION = YES;
				CLANG_WARN_NON_LITERAL_NULL_CONVERSION = YES;
				CLANG_WARN_OBJC_IMPLICIT_RETAIN_SELF = YES;
				CLANG_WARN_OBJC_LITERAL_CONVERSION = YES;
				CLANG_WARN_OBJC_ROOT_CLASS = YES_ERROR;
				CLANG_WARN_QUOTED_INCLUDE_IN_FRAMEWORK_HEADER = YES;
				CLANG_WARN_RANGE_LOOP_ANALYSIS = YES;
				CLANG_WARN_STRICT_PROTOTYPES = YES;
				CLANG_WARN_SUSPICIOUS_MOVE = YES;
				CLANG_WARN_UNGUARDED_AVAILABILITY = YES_AGGRESSIVE;
				CLANG_WARN_UNREACHABLE_CODE = YES;
				CLANG_WARN__DUPLICATE_METHOD_MATCH = YES;
				COPY_PHASE_STRIP = NO;
				DEBUG_INFORMATION_FORMAT = dwarf;
				ENABLE_STRICT_OBJC_MSGSEND = YES;
				ENABLE_TESTABILITY = YES;
				ENABLE_USER_SCRIPT_SANDBOXING = YES;
				GCC_C_LANGUAGE_STANDARD = gnu17;
				GCC_DYNAMIC_NO_PIC = NO;
				GCC_NO_COMMON_BLOCKS = YES;
				GCC_OPTIMIZATION_LEVEL = 0;
				GCC_PREPROCESSOR_DEFINITIONS = (
					"DEBUG=1",
					"$(inherited)",
				);
				GCC_WARN_64_TO_32_BIT_CONVERSION = YES;
				GCC_WARN_ABOUT_RETURN_TYPE = YES_ERROR;
				GCC_WARN_UNDECLARED_SELECTOR = YES;
				GCC_WARN_UNINITIALIZED_AUTOS = YES_AGGRESSIVE;
				GCC_WARN_UNUSED_FUNCTION = YES;
				GCC_WARN_UNUSED_VARIABLE = YES;
				LOCALIZATION_PREFERS_STRING_CATALOGS = YES;
				MTL_ENABLE_DEBUG_INFO = INCLUDE_SOURCE;
				MTL_FAST_MATH = YES;
				ONLY_ACTIVE_ARCH = YES;
				SWIFT_ACTIVE_COMPILATION_CONDITIONS = "DEBUG $(inherited)";
				SWIFT_OPTIMIZATION_LEVEL = "-Onone";
			};
			name = Debug;
		};
		DFF4B8342B0BCCA5005E8F61 /* Release */ = {
			isa = XCBuildConfiguration;
			buildSettings = {
				ALWAYS_SEARCH_USER_PATHS = NO;
				ASSETCATALOG_COMPILER_GENERATE_SWIFT_ASSET_SYMBOL_EXTENSIONS = YES;
				CLANG_ANALYZER_NONNULL = YES;
				CLANG_ANALYZER_NUMBER_OBJECT_CONVERSION = YES_AGGRESSIVE;
				CLANG_CXX_LANGUAGE_STANDARD = "gnu++20";
				CLANG_ENABLE_MODULES = YES;
				CLANG_ENABLE_OBJC_ARC = YES;
				CLANG_ENABLE_OBJC_WEAK = YES;
				CLANG_WARN_BLOCK_CAPTURE_AUTORELEASING = YES;
				CLANG_WARN_BOOL_CONVERSION = YES;
				CLANG_WARN_COMMA = YES;
				CLANG_WARN_CONSTANT_CONVERSION = YES;
				CLANG_WARN_DEPRECATED_OBJC_IMPLEMENTATIONS = YES;
				CLANG_WARN_DIRECT_OBJC_ISA_USAGE = YES_ERROR;
				CLANG_WARN_DOCUMENTATION_COMMENTS = YES;
				CLANG_WARN_EMPTY_BODY = YES;
				CLANG_WARN_ENUM_CONVERSION = YES;
				CLANG_WARN_INFINITE_RECURSION = YES;
				CLANG_WARN_INT_CONVERSION = YES;
				CLANG_WARN_NON_LITERAL_NULL_CONVERSION = YES;
				CLANG_WARN_OBJC_IMPLICIT_RETAIN_SELF = YES;
				CLANG_WARN_OBJC_LITERAL_CONVERSION = YES;
				CLANG_WARN_OBJC_ROOT_CLASS = YES_ERROR;
				CLANG_WARN_QUOTED_INCLUDE_IN_FRAMEWORK_HEADER = YES;
				CLANG_WARN_RANGE_LOOP_ANALYSIS = YES;
				CLANG_WARN_STRICT_PROTOTYPES = YES;
				CLANG_WARN_SUSPICIOUS_MOVE = YES;
				CLANG_WARN_UNGUARDED_AVAILABILITY = YES_AGGRESSIVE;
				CLANG_WARN_UNREACHABLE_CODE = YES;
				CLANG_WARN__DUPLICATE_METHOD_MATCH = YES;
				COPY_PHASE_STRIP = NO;
				DEBUG_INFORMATION_FORMAT = "dwarf-with-dsym";
				ENABLE_NS_ASSERTIONS = NO;
				ENABLE_STRICT_OBJC_MSGSEND = YES;
				ENABLE_USER_SCRIPT_SANDBOXING = YES;
				GCC_C_LANGUAGE_STANDARD = gnu17;
				GCC_NO_COMMON_BLOCKS = YES;
				GCC_WARN_64_TO_32_BIT_CONVERSION = YES;
				GCC_WARN_ABOUT_RETURN_TYPE = YES_ERROR;
				GCC_WARN_UNDECLARED_SELECTOR = YES;
				GCC_WARN_UNINITIALIZED_AUTOS = YES_AGGRESSIVE;
				GCC_WARN_UNUSED_FUNCTION = YES;
				GCC_WARN_UNUSED_VARIABLE = YES;
				LOCALIZATION_PREFERS_STRING_CATALOGS = YES;
				MTL_ENABLE_DEBUG_INFO = NO;
				MTL_FAST_MATH = YES;
				SWIFT_COMPILATION_MODE = wholemodule;
			};
			name = Release;
		};
		DFF4B8362B0BCCA5005E8F61 /* Debug */ = {
			isa = XCBuildConfiguration;
			buildSettings = {
				ASSETCATALOG_COMPILER_APPICON_NAME = AppIcon;
				ASSETCATALOG_COMPILER_GLOBAL_ACCENT_COLOR_NAME = AccentColor;
				CODE_SIGN_ENTITLEMENTS = SquareHabitsTracker/SquareHabitsTracker.entitlements;
				CODE_SIGN_STYLE = Automatic;
				CURRENT_PROJECT_VERSION = 2;
				DEVELOPMENT_ASSET_PATHS = "\"SquareHabitsTracker/Preview Content\"";
				DEVELOPMENT_TEAM = 6525BU9D84;
				ENABLE_HARDENED_RUNTIME = YES;
				ENABLE_PREVIEWS = YES;
				GENERATE_INFOPLIST_FILE = YES;
				INFOPLIST_FILE = SquareHabitsTracker/Info.plist;
				INFOPLIST_KEY_CFBundleDisplayName = "Square Habits";
				"INFOPLIST_KEY_UIApplicationSceneManifest_Generation[sdk=iphoneos*]" = YES;
				"INFOPLIST_KEY_UIApplicationSceneManifest_Generation[sdk=iphonesimulator*]" = YES;
				"INFOPLIST_KEY_UIApplicationSupportsIndirectInputEvents[sdk=iphoneos*]" = YES;
				"INFOPLIST_KEY_UIApplicationSupportsIndirectInputEvents[sdk=iphonesimulator*]" = YES;
				"INFOPLIST_KEY_UILaunchScreen_Generation[sdk=iphoneos*]" = YES;
				"INFOPLIST_KEY_UILaunchScreen_Generation[sdk=iphonesimulator*]" = YES;
				"INFOPLIST_KEY_UIStatusBarStyle[sdk=iphoneos*]" = UIStatusBarStyleDefault;
				"INFOPLIST_KEY_UIStatusBarStyle[sdk=iphonesimulator*]" = UIStatusBarStyleDefault;
				INFOPLIST_KEY_UISupportedInterfaceOrientations_iPad = "UIInterfaceOrientationPortrait UIInterfaceOrientationPortraitUpsideDown UIInterfaceOrientationLandscapeLeft UIInterfaceOrientationLandscapeRight";
				INFOPLIST_KEY_UISupportedInterfaceOrientations_iPhone = "UIInterfaceOrientationPortrait UIInterfaceOrientationLandscapeLeft UIInterfaceOrientationLandscapeRight";
				IPHONEOS_DEPLOYMENT_TARGET = 16.0;
				LD_RUNPATH_SEARCH_PATHS = "@executable_path/Frameworks";
				"LD_RUNPATH_SEARCH_PATHS[sdk=macosx*]" = "@executable_path/../Frameworks";
				MACOSX_DEPLOYMENT_TARGET = 13.6;
				MARKETING_VERSION = 1.2;
				PRODUCT_BUNDLE_IDENTIFIER = com.marcelo.squarehabits;
				PRODUCT_NAME = "$(TARGET_NAME)";
				SDKROOT = auto;
				SUPPORTED_PLATFORMS = "iphoneos iphonesimulator";
				SUPPORTS_MACCATALYST = NO;
				SWIFT_EMIT_LOC_STRINGS = YES;
				SWIFT_VERSION = 5.0;
				TARGETED_DEVICE_FAMILY = 1;
			};
			name = Debug;
		};
		DFF4B8372B0BCCA5005E8F61 /* Release */ = {
			isa = XCBuildConfiguration;
			buildSettings = {
				ASSETCATALOG_COMPILER_APPICON_NAME = AppIcon;
				ASSETCATALOG_COMPILER_GLOBAL_ACCENT_COLOR_NAME = AccentColor;
				CODE_SIGN_ENTITLEMENTS = SquareHabitsTracker/SquareHabitsTracker.entitlements;
				CODE_SIGN_STYLE = Automatic;
				CURRENT_PROJECT_VERSION = 2;
				DEVELOPMENT_ASSET_PATHS = "\"SquareHabitsTracker/Preview Content\"";
				DEVELOPMENT_TEAM = 6525BU9D84;
				ENABLE_HARDENED_RUNTIME = YES;
				ENABLE_PREVIEWS = YES;
				GENERATE_INFOPLIST_FILE = YES;
				INFOPLIST_FILE = SquareHabitsTracker/Info.plist;
				INFOPLIST_KEY_CFBundleDisplayName = "Square Habits";
				"INFOPLIST_KEY_UIApplicationSceneManifest_Generation[sdk=iphoneos*]" = YES;
				"INFOPLIST_KEY_UIApplicationSceneManifest_Generation[sdk=iphonesimulator*]" = YES;
				"INFOPLIST_KEY_UIApplicationSupportsIndirectInputEvents[sdk=iphoneos*]" = YES;
				"INFOPLIST_KEY_UIApplicationSupportsIndirectInputEvents[sdk=iphonesimulator*]" = YES;
				"INFOPLIST_KEY_UILaunchScreen_Generation[sdk=iphoneos*]" = YES;
				"INFOPLIST_KEY_UILaunchScreen_Generation[sdk=iphonesimulator*]" = YES;
				"INFOPLIST_KEY_UIStatusBarStyle[sdk=iphoneos*]" = UIStatusBarStyleDefault;
				"INFOPLIST_KEY_UIStatusBarStyle[sdk=iphonesimulator*]" = UIStatusBarStyleDefault;
				INFOPLIST_KEY_UISupportedInterfaceOrientations_iPad = "UIInterfaceOrientationPortrait UIInterfaceOrientationPortraitUpsideDown UIInterfaceOrientationLandscapeLeft UIInterfaceOrientationLandscapeRight";
				INFOPLIST_KEY_UISupportedInterfaceOrientations_iPhone = "UIInterfaceOrientationPortrait UIInterfaceOrientationLandscapeLeft UIInterfaceOrientationLandscapeRight";
				IPHONEOS_DEPLOYMENT_TARGET = 16.0;
				LD_RUNPATH_SEARCH_PATHS = "@executable_path/Frameworks";
				"LD_RUNPATH_SEARCH_PATHS[sdk=macosx*]" = "@executable_path/../Frameworks";
				MACOSX_DEPLOYMENT_TARGET = 13.6;
				MARKETING_VERSION = 1.2;
				PRODUCT_BUNDLE_IDENTIFIER = com.marcelo.squarehabits;
				PRODUCT_NAME = "$(TARGET_NAME)";
				SDKROOT = auto;
				SUPPORTED_PLATFORMS = "iphoneos iphonesimulator";
				SUPPORTS_MACCATALYST = NO;
				SWIFT_EMIT_LOC_STRINGS = YES;
				SWIFT_VERSION = 5.0;
				TARGETED_DEVICE_FAMILY = 1;
			};
			name = Release;
		};
/* End XCBuildConfiguration section */

/* Begin XCConfigurationList section */
		DFF4B8212B0BCCA2005E8F61 /* Build configuration list for PBXProject "SquareHabitsTracker" */ = {
			isa = XCConfigurationList;
			buildConfigurations = (
				DFF4B8332B0BCCA5005E8F61 /* Debug */,
				DFF4B8342B0BCCA5005E8F61 /* Release */,
			);
			defaultConfigurationIsVisible = 0;
			defaultConfigurationName = Release;
		};
		DFF4B8352B0BCCA5005E8F61 /* Build configuration list for PBXNativeTarget "SquareHabitsTracker" */ = {
			isa = XCConfigurationList;
			buildConfigurations = (
				DFF4B8362B0BCCA5005E8F61 /* Debug */,
				DFF4B8372B0BCCA5005E8F61 /* Release */,
			);
			defaultConfigurationIsVisible = 0;
			defaultConfigurationName = Release;
		};
/* End XCConfigurationList section */
	};
	rootObject = DFF4B81E2B0BCCA2005E8F61 /* Project object */;
}
